
Microsoft Visual Studio Solution File, Format Version 12.00
# Visual Studio Version 16
VisualStudioVersion = 16.0.33027.164
MinimumVisualStudioVersion = 10.0.40219.1
Project("{FAE04EC0-301F-11D3-BF4B-00C04F79EFBC}") = "TKNP", "BTP1\TKNP.csproj", "{9A3EEB51-FFBB-4D95-ABED-BAC284D0781A}"
EndProject
Project("{FAE04EC0-301F-11D3-BF4B-00C04F79EFBC}") = "MergeSort", "MergeSort\MergeSort.csproj", "{9102A739-6230-4AC6-B533-ECF54E04A081}"
EndProject
Global
	GlobalSection(SolutionConfigurationPlatforms) = preSolution
		Debug|Any CPU = Debug|Any CPU
		Release|Any CPU = Release|Any CPU
	EndGlobalSection
	GlobalSection(ProjectConfigurationPlatforms) = postSolution
		{9A3EEB51-FFBB-4D95-ABED-BAC284D0781A}.Debug|Any CPU.ActiveCfg = Debug|Any CPU
		{9A3EEB51-FFBB-4D95-ABED-BAC284D0781A}.Debug|Any CPU.Build.0 = Debug|Any CPU
		{9A3EEB51-FFBB-4D95-ABED-BAC284D0781A}.Release|Any CPU.ActiveCfg = Release|Any CPU
		{9A3EEB51-FFBB-4D95-ABED-BAC284D0781A}.Release|Any CPU.Build.0 = Release|Any CPU
		{9102A739-6230-4AC6-B533-ECF54E04A081}.Debug|Any CPU.ActiveCfg = Debug|Any CPU
		{9102A739-6230-4AC6-B533-ECF54E04A081}.Debug|Any CPU.Build.0 = Debug|Any CPU
		{9102A739-6230-4AC6-B533-ECF54E04A081}.Release|Any CPU.ActiveCfg = Release|Any CPU
		{9102A739-6230-4AC6-B533-ECF54E04A081}.Release|Any CPU.Build.0 = Release|Any CPU
	EndGlobalSection
	GlobalSection(SolutionProperties) = preSolution
		HideSolutionNode = FALSE
	EndGlobalSection
	GlobalSection(ExtensibilityGlobals) = postSolution
		SolutionGuid = {02702797-34AC-4778-BF6E-BB00C3C1CD8A}
	EndGlobalSection
EndGlobal
